
Microsoft Visual Studio Solution File, Format Version 12.00
# Visual Studio Version 16
VisualStudioVersion = 16.0.30114.105
MinimumVisualStudioVersion = 10.0.40219.1
Project("{FAE04EC0-301F-11D3-BF4B-00C04F79EFBC}") = "GotWpfUi", "GotWpfUi\GotWpfUi.csproj", "{B110C318-8E91-47F5-A757-E39CC2B1C7D3}"
EndProject
Project("{2150E333-8FDC-42A3-9474-1A3956D46DE8}") = "BffConnectors", "BffConnectors", "{6E648B64-A70F-47D5-94CC-E8CEDF9EAF6E}"
EndProject
Project("{FAE04EC0-301F-11D3-BF4B-00C04F79EFBC}") = "BffConnectors", "BffConnectors\BffConnectors\BffConnectors.csproj", "{98521F15-EF12-44EA-84CF-649034C9CE6A}"
EndProject
Global
	GlobalSection(SolutionConfigurationPlatforms) = preSolution
		Debug|Any CPU = Debug|Any CPU
		Release|Any CPU = Release|Any CPU
	EndGlobalSection
	GlobalSection(SolutionProperties) = preSolution
		HideSolutionNode = FALSE
	EndGlobalSection
	GlobalSection(ProjectConfigurationPlatforms) = postSolution
		{B110C318-8E91-47F5-A757-E39CC2B1C7D3}.Debug|Any CPU.ActiveCfg = Debug|Any CPU
		{B110C318-8E91-47F5-A757-E39CC2B1C7D3}.Debug|Any CPU.Build.0 = Debug|Any CPU
		{B110C318-8E91-47F5-A757-E39CC2B1C7D3}.Release|Any CPU.ActiveCfg = Release|Any CPU
		{B110C318-8E91-47F5-A757-E39CC2B1C7D3}.Release|Any CPU.Build.0 = Release|Any CPU
		{98521F15-EF12-44EA-84CF-649034C9CE6A}.Debug|Any CPU.ActiveCfg = Debug|Any CPU
		{98521F15-EF12-44EA-84CF-649034C9CE6A}.Debug|Any CPU.Build.0 = Debug|Any CPU
		{98521F15-EF12-44EA-84CF-649034C9CE6A}.Release|Any CPU.ActiveCfg = Release|Any CPU
		{98521F15-EF12-44EA-84CF-649034C9CE6A}.Release|Any CPU.Build.0 = Release|Any CPU
	EndGlobalSection
	GlobalSection(NestedProjects) = preSolution
		{98521F15-EF12-44EA-84CF-649034C9CE6A} = {6E648B64-A70F-47D5-94CC-E8CEDF9EAF6E}
	EndGlobalSection
EndGlobal
